
Microsoft Visual Studio Solution File, Format Version 12.00
# Visual Studio Version 16
VisualStudioVersion = 16.0.30204.135
MinimumVisualStudioVersion = 10.0.40219.1
Project("{FAE04EC0-301F-11D3-BF4B-00C04F79EFBC}") = "StronglyTypedView_Demo", "StronglyTypedView_Demo\StronglyTypedView_Demo.csproj", "{7F35C4E7-DE0C-4E41-9438-DB8FF105E86D}"
EndProject
Global
	GlobalSection(SolutionConfigurationPlatforms) = preSolution
		Debug|Any CPU = Debug|Any CPU
		Release|Any CPU = Release|Any CPU
	EndGlobalSection
	GlobalSection(ProjectConfigurationPlatforms) = postSolution
		{7F35C4E7-DE0C-4E41-9438-DB8FF105E86D}.Debug|Any CPU.ActiveCfg = Debug|Any CPU
		{7F35C4E7-DE0C-4E41-9438-DB8FF105E86D}.Debug|Any CPU.Build.0 = Debug|Any CPU
		{7F35C4E7-DE0C-4E41-9438-DB8FF105E86D}.Release|Any CPU.ActiveCfg = Release|Any CPU
		{7F35C4E7-DE0C-4E41-9438-DB8FF105E86D}.Release|Any CPU.Build.0 = Release|Any CPU
	EndGlobalSection
	GlobalSection(SolutionProperties) = preSolution
		HideSolutionNode = FALSE
	EndGlobalSection
	GlobalSection(ExtensibilityGlobals) = postSolution
		SolutionGuid = {7BBD6CB1-2341-4E37-A85A-A96FD3EEAE11}
	EndGlobalSection
EndGlobal
