
Microsoft Visual Studio Solution File, Format Version 12.00
# Visual Studio Version 16
VisualStudioVersion = 16.0.30204.135
MinimumVisualStudioVersion = 10.0.40219.1
Project("{FAE04EC0-301F-11D3-BF4B-00C04F79EFBC}") = "TagHelpers_Demo", "TagHelpers_Demo\TagHelpers_Demo.csproj", "{74E86047-8F95-45FC-966E-82086F00607B}"
EndProject
Global
	GlobalSection(SolutionConfigurationPlatforms) = preSolution
		Debug|Any CPU = Debug|Any CPU
		Release|Any CPU = Release|Any CPU
	EndGlobalSection
	GlobalSection(ProjectConfigurationPlatforms) = postSolution
		{74E86047-8F95-45FC-966E-82086F00607B}.Debug|Any CPU.ActiveCfg = Debug|Any CPU
		{74E86047-8F95-45FC-966E-82086F00607B}.Debug|Any CPU.Build.0 = Debug|Any CPU
		{74E86047-8F95-45FC-966E-82086F00607B}.Release|Any CPU.ActiveCfg = Release|Any CPU
		{74E86047-8F95-45FC-966E-82086F00607B}.Release|Any CPU.Build.0 = Release|Any CPU
	EndGlobalSection
	GlobalSection(SolutionProperties) = preSolution
		HideSolutionNode = FALSE
	EndGlobalSection
	GlobalSection(ExtensibilityGlobals) = postSolution
		SolutionGuid = {0963E28F-6345-4C2B-9D6C-FC673C6499BA}
	EndGlobalSection
EndGlobal
